// !$*UTF8*$!
{
	archiveVersion = 1;
	classes = {
	};
	objectVersion = 50;
	objects = {

/* Begin PBXBuildFile section */
		720784A0217B048900B6EFA7 /* MCAVPlayerItemRemoteCacheTask.m in Sources */ = {isa = PBXBuildFile; fileRef = 72078494217B048900B6EFA7 /* MCAVPlayerItemRemoteCacheTask.m */; };
		720784A1217B048900B6EFA7 /* MCCacheSupportUtils.m in Sources */ = {isa = PBXBuildFile; fileRef = 72078495217B048900B6EFA7 /* MCCacheSupportUtils.m */; };
		720784A2217B048900B6EFA7 /* MCAVPlayerItemCacheTask.m in Sources */ = {isa = PBXBuildFile; fileRef = 72078498217B048900B6EFA7 /* MCAVPlayerItemCacheTask.m */; };
		720784A3217B048900B6EFA7 /* MCAVPlayerItemCacheLoader.m in Sources */ = {isa = PBXBuildFile; fileRef = 72078499217B048900B6EFA7 /* MCAVPlayerItemCacheLoader.m */; };
		720784A4217B048900B6EFA7 /* MCAVPlayerItemCacheFile.m in Sources */ = {isa = PBXBuildFile; fileRef = 7207849A217B048900B6EFA7 /* MCAVPlayerItemCacheFile.m */; };
		720784A5217B048900B6EFA7 /* MCAVPlayerItemLocalCacheTask.m in Sources */ = {isa = PBXBuildFile; fileRef = 7207849B217B048900B6EFA7 /* MCAVPlayerItemLocalCacheTask.m */; };
		720784A6217B048900B6EFA7 /* AVPlayerItem+MCCacheSupport.m in Sources */ = {isa = PBXBuildFile; fileRef = 7207849E217B048900B6EFA7 /* AVPlayerItem+MCCacheSupport.m */; };
		72917B4E216A5F4B002AD5A7 /* SecondViewController.m in Sources */ = {isa = PBXBuildFile; fileRef = 72917B4D216A5F4B002AD5A7 /* SecondViewController.m */; };
		72E7253A215787A600DDEECF /* AppDelegate.m in Sources */ = {isa = PBXBuildFile; fileRef = 72E72539215787A600DDEECF /* AppDelegate.m */; };
		72E72542215787A800DDEECF /* Assets.xcassets in Resources */ = {isa = PBXBuildFile; fileRef = 72E72541215787A800DDEECF /* Assets.xcassets */; };
		72E72545215787A800DDEECF /* LaunchScreen.storyboard in Resources */ = {isa = PBXBuildFile; fileRef = 72E72543215787A800DDEECF /* LaunchScreen.storyboard */; };
		72E72548215787A800DDEECF /* main.m in Sources */ = {isa = PBXBuildFile; fileRef = 72E72547215787A800DDEECF /* main.m */; };
		72E7255E2165BDE000DDEECF /* AAKViewController.m in Sources */ = {isa = PBXBuildFile; fileRef = 72E7255D2165BDE000DDEECF /* AAKViewController.m */; };
		72E725612165C14400DDEECF /* FirstViewController.m in Sources */ = {isa = PBXBuildFile; fileRef = 72E725602165C14400DDEECF /* FirstViewController.m */; };
		72E725652167A47B00DDEECF /* AAKDispatchQueue.m in Sources */ = {isa = PBXBuildFile; fileRef = 72E725642167A47B00DDEECF /* AAKDispatchQueue.m */; };
		72E725682167A50F00DDEECF /* AAKNavigationController.m in Sources */ = {isa = PBXBuildFile; fileRef = 72E725672167A50F00DDEECF /* AAKNavigationController.m */; };
		FCBB63C620E32A71F262BF37 /* libPods-AsyncApplicationKit.a in Frameworks */ = {isa = PBXBuildFile; fileRef = 63AA948FD82474C2C5467CEB /* libPods-AsyncApplicationKit.a */; };
/* End PBXBuildFile section */

/* Begin PBXFileReference section */
		01F6B987FBB878DF5658093E /* Pods-AsyncApplicationKit.debug.xcconfig */ = {isa = PBXFileReference; includeInIndex = 1; lastKnownFileType = text.xcconfig; name = "Pods-AsyncApplicationKit.debug.xcconfig"; path = "Pods/Target Support Files/Pods-AsyncApplicationKit/Pods-AsyncApplicationKit.debug.xcconfig"; sourceTree = "<group>"; };
		63AA948FD82474C2C5467CEB /* libPods-AsyncApplicationKit.a */ = {isa = PBXFileReference; explicitFileType = archive.ar; includeInIndex = 0; path = "libPods-AsyncApplicationKit.a"; sourceTree = BUILT_PRODUCTS_DIR; };
		72078492217B048900B6EFA7 /* MCAVPlayerItemCacheLoader.h */ = {isa = PBXFileReference; fileEncoding = 4; lastKnownFileType = sourcecode.c.h; path = MCAVPlayerItemCacheLoader.h; sourceTree = "<group>"; };
		72078493217B048900B6EFA7 /* MCAVPlayerItemCacheTask.h */ = {isa = PBXFileReference; fileEncoding = 4; lastKnownFileType = sourcecode.c.h; path = MCAVPlayerItemCacheTask.h; sourceTree = "<group>"; };
		72078494217B048900B6EFA7 /* MCAVPlayerItemRemoteCacheTask.m */ = {isa = PBXFileReference; fileEncoding = 4; lastKnownFileType = sourcecode.c.objc; path = MCAVPlayerItemRemoteCacheTask.m; sourceTree = "<group>"; };
		72078495217B048900B6EFA7 /* MCCacheSupportUtils.m */ = {isa = PBXFileReference; fileEncoding = 4; lastKnownFileType = sourcecode.c.objc; path = MCCacheSupportUtils.m; sourceTree = "<group>"; };
		72078496217B048900B6EFA7 /* MCAVPlayerItemLocalCacheTask.h */ = {isa = PBXFileReference; fileEncoding = 4; lastKnownFileType = sourcecode.c.h; path = MCAVPlayerItemLocalCacheTask.h; sourceTree = "<group>"; };
		72078497217B048900B6EFA7 /* MCAVPlayerItemCacheFile.h */ = {isa = PBXFileReference; fileEncoding = 4; lastKnownFileType = sourcecode.c.h; path = MCAVPlayerItemCacheFile.h; sourceTree = "<group>"; };
		72078498217B048900B6EFA7 /* MCAVPlayerItemCacheTask.m */ = {isa = PBXFileReference; fileEncoding = 4; lastKnownFileType = sourcecode.c.objc; path = MCAVPlayerItemCacheTask.m; sourceTree = "<group>"; };
		72078499217B048900B6EFA7 /* MCAVPlayerItemCacheLoader.m */ = {isa = PBXFileReference; fileEncoding = 4; lastKnownFileType = sourcecode.c.objc; path = MCAVPlayerItemCacheLoader.m; sourceTree = "<group>"; };
		7207849A217B048900B6EFA7 /* MCAVPlayerItemCacheFile.m */ = {isa = PBXFileReference; fileEncoding = 4; lastKnownFileType = sourcecode.c.objc; path = MCAVPlayerItemCacheFile.m; sourceTree = "<group>"; };
		7207849B217B048900B6EFA7 /* MCAVPlayerItemLocalCacheTask.m */ = {isa = PBXFileReference; fileEncoding = 4; lastKnownFileType = sourcecode.c.objc; path = MCAVPlayerItemLocalCacheTask.m; sourceTree = "<group>"; };
		7207849C217B048900B6EFA7 /* MCCacheSupportUtils.h */ = {isa = PBXFileReference; fileEncoding = 4; lastKnownFileType = sourcecode.c.h; path = MCCacheSupportUtils.h; sourceTree = "<group>"; };
		7207849D217B048900B6EFA7 /* MCAVPlayerItemRemoteCacheTask.h */ = {isa = PBXFileReference; fileEncoding = 4; lastKnownFileType = sourcecode.c.h; path = MCAVPlayerItemRemoteCacheTask.h; sourceTree = "<group>"; };
		7207849E217B048900B6EFA7 /* AVPlayerItem+MCCacheSupport.m */ = {isa = PBXFileReference; fileEncoding = 4; lastKnownFileType = sourcecode.c.objc; path = "AVPlayerItem+MCCacheSupport.m"; sourceTree = "<group>"; };
		7207849F217B048900B6EFA7 /* AVPlayerItem+MCCacheSupport.h */ = {isa = PBXFileReference; fileEncoding = 4; lastKnownFileType = sourcecode.c.h; path = "AVPlayerItem+MCCacheSupport.h"; sourceTree = "<group>"; };
		72917B4C216A5F4B002AD5A7 /* SecondViewController.h */ = {isa = PBXFileReference; lastKnownFileType = sourcecode.c.h; path = SecondViewController.h; sourceTree = "<group>"; };
		72917B4D216A5F4B002AD5A7 /* SecondViewController.m */ = {isa = PBXFileReference; lastKnownFileType = sourcecode.c.objc; path = SecondViewController.m; sourceTree = "<group>"; };
		72E72535215787A600DDEECF /* AsyncApplicationKit.app */ = {isa = PBXFileReference; explicitFileType = wrapper.application; includeInIndex = 0; path = AsyncApplicationKit.app; sourceTree = BUILT_PRODUCTS_DIR; };
		72E72538215787A600DDEECF /* AppDelegate.h */ = {isa = PBXFileReference; lastKnownFileType = sourcecode.c.h; path = AppDelegate.h; sourceTree = "<group>"; };
		72E72539215787A600DDEECF /* AppDelegate.m */ = {isa = PBXFileReference; lastKnownFileType = sourcecode.c.objc; path = AppDelegate.m; sourceTree = "<group>"; };
		72E72541215787A800DDEECF /* Assets.xcassets */ = {isa = PBXFileReference; lastKnownFileType = folder.assetcatalog; path = Assets.xcassets; sourceTree = "<group>"; };
		72E72544215787A800DDEECF /* Base */ = {isa = PBXFileReference; lastKnownFileType = file.storyboard; name = Base; path = Base.lproj/LaunchScreen.storyboard; sourceTree = "<group>"; };
		72E72546215787A800DDEECF /* Info.plist */ = {isa = PBXFileReference; lastKnownFileType = text.plist.xml; path = Info.plist; sourceTree = "<group>"; };
		72E72547215787A800DDEECF /* main.m */ = {isa = PBXFileReference; lastKnownFileType = sourcecode.c.objc; path = main.m; sourceTree = "<group>"; };
		72E7255C2165BDE000DDEECF /* AAKViewController.h */ = {isa = PBXFileReference; lastKnownFileType = sourcecode.c.h; path = AAKViewController.h; sourceTree = "<group>"; };
		72E7255D2165BDE000DDEECF /* AAKViewController.m */ = {isa = PBXFileReference; lastKnownFileType = sourcecode.c.objc; path = AAKViewController.m; sourceTree = "<group>"; };
		72E7255F2165C14400DDEECF /* FirstViewController.h */ = {isa = PBXFileReference; lastKnownFileType = sourcecode.c.h; path = FirstViewController.h; sourceTree = "<group>"; };
		72E725602165C14400DDEECF /* FirstViewController.m */ = {isa = PBXFileReference; lastKnownFileType = sourcecode.c.objc; path = FirstViewController.m; sourceTree = "<group>"; };
		72E725632167A47B00DDEECF /* AAKDispatchQueue.h */ = {isa = PBXFileReference; lastKnownFileType = sourcecode.c.h; path = AAKDispatchQueue.h; sourceTree = "<group>"; };
		72E725642167A47B00DDEECF /* AAKDispatchQueue.m */ = {isa = PBXFileReference; lastKnownFileType = sourcecode.c.objc; path = AAKDispatchQueue.m; sourceTree = "<group>"; };
		72E725662167A50F00DDEECF /* AAKNavigationController.h */ = {isa = PBXFileReference; lastKnownFileType = sourcecode.c.h; path = AAKNavigationController.h; sourceTree = "<group>"; };
		72E725672167A50F00DDEECF /* AAKNavigationController.m */ = {isa = PBXFileReference; lastKnownFileType = sourcecode.c.objc; path = AAKNavigationController.m; sourceTree = "<group>"; };
		E8839EB95907306EC86BFBB9 /* Pods-AsyncApplicationKit.release.xcconfig */ = {isa = PBXFileReference; includeInIndex = 1; lastKnownFileType = text.xcconfig; name = "Pods-AsyncApplicationKit.release.xcconfig"; path = "Pods/Target Support Files/Pods-AsyncApplicationKit/Pods-AsyncApplicationKit.release.xcconfig"; sourceTree = "<group>"; };
/* End PBXFileReference section */

/* Begin PBXFrameworksBuildPhase section */
		72E72532215787A600DDEECF /* Frameworks */ = {
			isa = PBXFrameworksBuildPhase;
			buildActionMask = 2147483647;
			files = (
				FCBB63C620E32A71F262BF37 /* libPods-AsyncApplicationKit.a in Frameworks */,
			);
			runOnlyForDeploymentPostprocessing = 0;
		};
/* End PBXFrameworksBuildPhase section */

/* Begin PBXGroup section */
		567964369AB5CF5D537BC743 /* Pods */ = {
			isa = PBXGroup;
			children = (
				01F6B987FBB878DF5658093E /* Pods-AsyncApplicationKit.debug.xcconfig */,
				E8839EB95907306EC86BFBB9 /* Pods-AsyncApplicationKit.release.xcconfig */,
			);
			name = Pods;
			sourceTree = "<group>";
		};
		72078490217B048900B6EFA7 /* AVPlayerCacheSupport */ = {
			isa = PBXGroup;
			children = (
				72078491217B048900B6EFA7 /* Classes */,
				7207849E217B048900B6EFA7 /* AVPlayerItem+MCCacheSupport.m */,
				7207849F217B048900B6EFA7 /* AVPlayerItem+MCCacheSupport.h */,
			);
			path = AVPlayerCacheSupport;
			sourceTree = "<group>";
		};
		72078491217B048900B6EFA7 /* Classes */ = {
			isa = PBXGroup;
			children = (
				72078492217B048900B6EFA7 /* MCAVPlayerItemCacheLoader.h */,
				72078493217B048900B6EFA7 /* MCAVPlayerItemCacheTask.h */,
				72078494217B048900B6EFA7 /* MCAVPlayerItemRemoteCacheTask.m */,
				72078495217B048900B6EFA7 /* MCCacheSupportUtils.m */,
				72078496217B048900B6EFA7 /* MCAVPlayerItemLocalCacheTask.h */,
				72078497217B048900B6EFA7 /* MCAVPlayerItemCacheFile.h */,
				72078498217B048900B6EFA7 /* MCAVPlayerItemCacheTask.m */,
				72078499217B048900B6EFA7 /* MCAVPlayerItemCacheLoader.m */,
				7207849A217B048900B6EFA7 /* MCAVPlayerItemCacheFile.m */,
				7207849B217B048900B6EFA7 /* MCAVPlayerItemLocalCacheTask.m */,
				7207849C217B048900B6EFA7 /* MCCacheSupportUtils.h */,
				7207849D217B048900B6EFA7 /* MCAVPlayerItemRemoteCacheTask.h */,
			);
			path = Classes;
			sourceTree = "<group>";
		};
		72E7252C215787A600DDEECF = {
			isa = PBXGroup;
			children = (
				72E72537215787A600DDEECF /* AsyncApplicationKit */,
				72E72536215787A600DDEECF /* Products */,
				567964369AB5CF5D537BC743 /* Pods */,
				F9CF4C7266E97FA729A30641 /* Frameworks */,
			);
			sourceTree = "<group>";
		};
		72E72536215787A600DDEECF /* Products */ = {
			isa = PBXGroup;
			children = (
				72E72535215787A600DDEECF /* AsyncApplicationKit.app */,
			);
			name = Products;
			sourceTree = "<group>";
		};
		72E72537215787A600DDEECF /* AsyncApplicationKit */ = {
			isa = PBXGroup;
			children = (
				72078490217B048900B6EFA7 /* AVPlayerCacheSupport */,
				72E725622167448800DDEECF /* Core */,
				72E72538215787A600DDEECF /* AppDelegate.h */,
				72E72539215787A600DDEECF /* AppDelegate.m */,
				72E7255F2165C14400DDEECF /* FirstViewController.h */,
				72E725602165C14400DDEECF /* FirstViewController.m */,
				72917B4C216A5F4B002AD5A7 /* SecondViewController.h */,
				72917B4D216A5F4B002AD5A7 /* SecondViewController.m */,
				72E72541215787A800DDEECF /* Assets.xcassets */,
				72E72543215787A800DDEECF /* LaunchScreen.storyboard */,
				72E72546215787A800DDEECF /* Info.plist */,
				72E72547215787A800DDEECF /* main.m */,
			);
			path = AsyncApplicationKit;
			sourceTree = "<group>";
		};
		72E725622167448800DDEECF /* Core */ = {
			isa = PBXGroup;
			children = (
				72E7255C2165BDE000DDEECF /* AAKViewController.h */,
				72E7255D2165BDE000DDEECF /* AAKViewController.m */,
				72E725632167A47B00DDEECF /* AAKDispatchQueue.h */,
				72E725642167A47B00DDEECF /* AAKDispatchQueue.m */,
				72E725662167A50F00DDEECF /* AAKNavigationController.h */,
				72E725672167A50F00DDEECF /* AAKNavigationController.m */,
			);
			path = Core;
			sourceTree = "<group>";
		};
		F9CF4C7266E97FA729A30641 /* Frameworks */ = {
			isa = PBXGroup;
			children = (
				63AA948FD82474C2C5467CEB /* libPods-AsyncApplicationKit.a */,
			);
			name = Frameworks;
			sourceTree = "<group>";
		};
/* End PBXGroup section */

/* Begin PBXNativeTarget section */
		72E72534215787A600DDEECF /* AsyncApplicationKit */ = {
			isa = PBXNativeTarget;
			buildConfigurationList = 72E7254B215787A800DDEECF /* Build configuration list for PBXNativeTarget "AsyncApplicationKit" */;
			buildPhases = (
				4E8355AE609944554BCF9B7E /* [CP] Check Pods Manifest.lock */,
				72E72531215787A600DDEECF /* Sources */,
				72E72532215787A600DDEECF /* Frameworks */,
				72E72533215787A600DDEECF /* Resources */,
			);
			buildRules = (
			);
			dependencies = (
			);
			name = AsyncApplicationKit;
			productName = AsyncApplicationKit;
			productReference = 72E72535215787A600DDEECF /* AsyncApplicationKit.app */;
			productType = "com.apple.product-type.application";
		};
/* End PBXNativeTarget section */

/* Begin PBXProject section */
		72E7252D215787A600DDEECF /* Project object */ = {
			isa = PBXProject;
			attributes = {
				LastUpgradeCheck = 0940;
				ORGANIZATIONNAME = "Zhiyang Fu";
				TargetAttributes = {
					72E72534215787A600DDEECF = {
						CreatedOnToolsVersion = 9.4.1;
					};
				};
			};
			buildConfigurationList = 72E72530215787A600DDEECF /* Build configuration list for PBXProject "AsyncApplicationKit" */;
			compatibilityVersion = "Xcode 9.3";
			developmentRegion = en;
			hasScannedForEncodings = 0;
			knownRegions = (
				en,
				Base,
			);
			mainGroup = 72E7252C215787A600DDEECF;
			productRefGroup = 72E72536215787A600DDEECF /* Products */;
			projectDirPath = "";
			projectRoot = "";
			targets = (
				72E72534215787A600DDEECF /* AsyncApplicationKit */,
			);
		};
/* End PBXProject section */

/* Begin PBXResourcesBuildPhase section */
		72E72533215787A600DDEECF /* Resources */ = {
			isa = PBXResourcesBuildPhase;
			buildActionMask = 2147483647;
			files = (
				72E72545215787A800DDEECF /* LaunchScreen.storyboard in Resources */,
				72E72542215787A800DDEECF /* Assets.xcassets in Resources */,
			);
			runOnlyForDeploymentPostprocessing = 0;
		};
/* End PBXResourcesBuildPhase section */

/* Begin PBXShellScriptBuildPhase section */
		4E8355AE609944554BCF9B7E /* [CP] Check Pods Manifest.lock */ = {
			isa = PBXShellScriptBuildPhase;
			buildActionMask = 2147483647;
			files = (
			);
			inputPaths = (
				"${PODS_PODFILE_DIR_PATH}/Podfile.lock",
				"${PODS_ROOT}/Manifest.lock",
			);
			name = "[CP] Check Pods Manifest.lock";
			outputPaths = (
				"$(DERIVED_FILE_DIR)/Pods-AsyncApplicationKit-checkManifestLockResult.txt",
			);
			runOnlyForDeploymentPostprocessing = 0;
			shellPath = /bin/sh;
			shellScript = "diff \"${PODS_PODFILE_DIR_PATH}/Podfile.lock\" \"${PODS_ROOT}/Manifest.lock\" > /dev/null\nif [ $? != 0 ] ; then\n    # print error to STDERR\n    echo \"error: The sandbox is not in sync with the Podfile.lock. Run 'pod install' or update your CocoaPods installation.\" >&2\n    exit 1\nfi\n# This output is used by Xcode 'outputs' to avoid re-running this script phase.\necho \"SUCCESS\" > \"${SCRIPT_OUTPUT_FILE_0}\"\n";
			showEnvVarsInLog = 0;
		};
/* End PBXShellScriptBuildPhase section */

/* Begin PBXSourcesBuildPhase section */
		72E72531215787A600DDEECF /* Sources */ = {
			isa = PBXSourcesBuildPhase;
			buildActionMask = 2147483647;
			files = (
				720784A0217B048900B6EFA7 /* MCAVPlayerItemRemoteCacheTask.m in Sources */,
				72E725612165C14400DDEECF /* FirstViewController.m in Sources */,
				72E72548215787A800DDEECF /* main.m in Sources */,
				720784A1217B048900B6EFA7 /* MCCacheSupportUtils.m in Sources */,
				720784A3217B048900B6EFA7 /* MCAVPlayerItemCacheLoader.m in Sources */,
				72E7255E2165BDE000DDEECF /* AAKViewController.m in Sources */,
				72917B4E216A5F4B002AD5A7 /* SecondViewController.m in Sources */,
				720784A2217B048900B6EFA7 /* MCAVPlayerItemCacheTask.m in Sources */,
				720784A5217B048900B6EFA7 /* MCAVPlayerItemLocalCacheTask.m in Sources */,
				72E7253A215787A600DDEECF /* AppDelegate.m in Sources */,
				72E725682167A50F00DDEECF /* AAKNavigationController.m in Sources */,
				720784A6217B048900B6EFA7 /* AVPlayerItem+MCCacheSupport.m in Sources */,
				72E725652167A47B00DDEECF /* AAKDispatchQueue.m in Sources */,
				720784A4217B048900B6EFA7 /* MCAVPlayerItemCacheFile.m in Sources */,
			);
			runOnlyForDeploymentPostprocessing = 0;
		};
/* End PBXSourcesBuildPhase section */

/* Begin PBXVariantGroup section */
		72E72543215787A800DDEECF /* LaunchScreen.storyboard */ = {
			isa = PBXVariantGroup;
			children = (
				72E72544215787A800DDEECF /* Base */,
			);
			name = LaunchScreen.storyboard;
			sourceTree = "<group>";
		};
/* End PBXVariantGroup section */

/* Begin XCBuildConfiguration section */
		72E72549215787A800DDEECF /* Debug */ = {
			isa = XCBuildConfiguration;
			buildSettings = {
				ALWAYS_SEARCH_USER_PATHS = NO;
				CLANG_ANALYZER_NONNULL = YES;
				CLANG_ANALYZER_NUMBER_OBJECT_CONVERSION = YES_AGGRESSIVE;
				CLANG_CXX_LANGUAGE_STANDARD = "gnu++14";
				CLANG_CXX_LIBRARY = "libc++";
				CLANG_ENABLE_MODULES = YES;
				CLANG_ENABLE_OBJC_ARC = YES;
				CLANG_ENABLE_OBJC_WEAK = YES;
				CLANG_WARN_BLOCK_CAPTURE_AUTORELEASING = YES;
				CLANG_WARN_BOOL_CONVERSION = YES;
				CLANG_WARN_COMMA = YES;
				CLANG_WARN_CONSTANT_CONVERSION = YES;
				CLANG_WARN_DEPRECATED_OBJC_IMPLEMENTATIONS = YES;
				CLANG_WARN_DIRECT_OBJC_ISA_USAGE = YES_ERROR;
				CLANG_WARN_DOCUMENTATION_COMMENTS = YES;
				CLANG_WARN_EMPTY_BODY = YES;
				CLANG_WARN_ENUM_CONVERSION = YES;
				CLANG_WARN_INFINITE_RECURSION = YES;
				CLANG_WARN_INT_CONVERSION = YES;
				CLANG_WARN_NON_LITERAL_NULL_CONVERSION = YES;
				CLANG_WARN_OBJC_IMPLICIT_RETAIN_SELF = YES;
				CLANG_WARN_OBJC_LITERAL_CONVERSION = YES;
				CLANG_WARN_OBJC_ROOT_CLASS = YES_ERROR;
				CLANG_WARN_RANGE_LOOP_ANALYSIS = YES;
				CLANG_WARN_STRICT_PROTOTYPES = YES;
				CLANG_WARN_SUSPICIOUS_MOVE = YES;
				CLANG_WARN_UNGUARDED_AVAILABILITY = YES_AGGRESSIVE;
				CLANG_WARN_UNREACHABLE_CODE = YES;
				CLANG_WARN__DUPLICATE_METHOD_MATCH = YES;
				CODE_SIGN_IDENTITY = "iPhone Developer";
				COPY_PHASE_STRIP = NO;
				DEBUG_INFORMATION_FORMAT = dwarf;
				ENABLE_STRICT_OBJC_MSGSEND = YES;
				ENABLE_TESTABILITY = YES;
				GCC_C_LANGUAGE_STANDARD = gnu11;
				GCC_DYNAMIC_NO_PIC = NO;
				GCC_NO_COMMON_BLOCKS = YES;
				GCC_OPTIMIZATION_LEVEL = 0;
				GCC_PREPROCESSOR_DEFINITIONS = (
					"DEBUG=1",
					"$(inherited)",
				);
				GCC_WARN_64_TO_32_BIT_CONVERSION = YES;
				GCC_WARN_ABOUT_RETURN_TYPE = YES_ERROR;
				GCC_WARN_UNDECLARED_SELECTOR = YES;
				GCC_WARN_UNINITIALIZED_AUTOS = YES_AGGRESSIVE;
				GCC_WARN_UNUSED_FUNCTION = YES;
				GCC_WARN_UNUSED_VARIABLE = YES;
				IPHONEOS_DEPLOYMENT_TARGET = 11.4;
				MTL_ENABLE_DEBUG_INFO = YES;
				ONLY_ACTIVE_ARCH = YES;
				SDKROOT = iphoneos;
			};
			name = Debug;
		};
		72E7254A215787A800DDEECF /* Release */ = {
			isa = XCBuildConfiguration;
			buildSettings = {
				ALWAYS_SEARCH_USER_PATHS = NO;
				CLANG_ANALYZER_NONNULL = YES;
				CLANG_ANALYZER_NUMBER_OBJECT_CONVERSION = YES_AGGRESSIVE;
				CLANG_CXX_LANGUAGE_STANDARD = "gnu++14";
				CLANG_CXX_LIBRARY = "libc++";
				CLANG_ENABLE_MODULES = YES;
				CLANG_ENABLE_OBJC_ARC = YES;
				CLANG_ENABLE_OBJC_WEAK = YES;
				CLANG_WARN_BLOCK_CAPTURE_AUTORELEASING = YES;
				CLANG_WARN_BOOL_CONVERSION = YES;
				CLANG_WARN_COMMA = YES;
				CLANG_WARN_CONSTANT_CONVERSION = YES;
				CLANG_WARN_DEPRECATED_OBJC_IMPLEMENTATIONS = YES;
				CLANG_WARN_DIRECT_OBJC_ISA_USAGE = YES_ERROR;
				CLANG_WARN_DOCUMENTATION_COMMENTS = YES;
				CLANG_WARN_EMPTY_BODY = YES;
				CLANG_WARN_ENUM_CONVERSION = YES;
				CLANG_WARN_INFINITE_RECURSION = YES;
				CLANG_WARN_INT_CONVERSION = YES;
				CLANG_WARN_NON_LITERAL_NULL_CONVERSION = YES;
				CLANG_WARN_OBJC_IMPLICIT_RETAIN_SELF = YES;
				CLANG_WARN_OBJC_LITERAL_CONVERSION = YES;
				CLANG_WARN_OBJC_ROOT_CLASS = YES_ERROR;
				CLANG_WARN_RANGE_LOOP_ANALYSIS = YES;
				CLANG_WARN_STRICT_PROTOTYPES = YES;
				CLANG_WARN_SUSPICIOUS_MOVE = YES;
				CLANG_WARN_UNGUARDED_AVAILABILITY = YES_AGGRESSIVE;
				CLANG_WARN_UNREACHABLE_CODE = YES;
				CLANG_WARN__DUPLICATE_METHOD_MATCH = YES;
				CODE_SIGN_IDENTITY = "iPhone Developer";
				COPY_PHASE_STRIP = NO;
				DEBUG_INFORMATION_FORMAT = "dwarf-with-dsym";
				ENABLE_NS_ASSERTIONS = NO;
				ENABLE_STRICT_OBJC_MSGSEND = YES;
				GCC_C_LANGUAGE_STANDARD = gnu11;
				GCC_NO_COMMON_BLOCKS = YES;
				GCC_WARN_64_TO_32_BIT_CONVERSION = YES;
				GCC_WARN_ABOUT_RETURN_TYPE = YES_ERROR;
				GCC_WARN_UNDECLARED_SELECTOR = YES;
				GCC_WARN_UNINITIALIZED_AUTOS = YES_AGGRESSIVE;
				GCC_WARN_UNUSED_FUNCTION = YES;
				GCC_WARN_UNUSED_VARIABLE = YES;
				IPHONEOS_DEPLOYMENT_TARGET = 11.4;
				MTL_ENABLE_DEBUG_INFO = NO;
				SDKROOT = iphoneos;
				VALIDATE_PRODUCT = YES;
			};
			name = Release;
		};
		72E7254C215787A800DDEECF /* Debug */ = {
			isa = XCBuildConfiguration;
			baseConfigurationReference = 01F6B987FBB878DF5658093E /* Pods-AsyncApplicationKit.debug.xcconfig */;
			buildSettings = {
				ASSETCATALOG_COMPILER_APPICON_NAME = AppIcon;
				CODE_SIGN_STYLE = Automatic;
				DEVELOPMENT_TEAM = V4CBDCFQ88;
				INFOPLIST_FILE = AsyncApplicationKit/Info.plist;
				LD_RUNPATH_SEARCH_PATHS = (
					"$(inherited)",
					"@executable_path/Frameworks",
				);
				PRODUCT_BUNDLE_IDENTIFIER = com.saury.AsyncApplicationKit;
				PRODUCT_NAME = "$(TARGET_NAME)";
				TARGETED_DEVICE_FAMILY = "1,2";
			};
			name = Debug;
		};
		72E7254D215787A800DDEECF /* Release */ = {
			isa = XCBuildConfiguration;
			baseConfigurationReference = E8839EB95907306EC86BFBB9 /* Pods-AsyncApplicationKit.release.xcconfig */;
			buildSettings = {
				ASSETCATALOG_COMPILER_APPICON_NAME = AppIcon;
				CODE_SIGN_STYLE = Automatic;
				DEVELOPMENT_TEAM = V4CBDCFQ88;
				INFOPLIST_FILE = AsyncApplicationKit/Info.plist;
				LD_RUNPATH_SEARCH_PATHS = (
					"$(inherited)",
					"@executable_path/Frameworks",
				);
				PRODUCT_BUNDLE_IDENTIFIER = com.saury.AsyncApplicationKit;
				PRODUCT_NAME = "$(TARGET_NAME)";
				TARGETED_DEVICE_FAMILY = "1,2";
			};
			name = Release;
		};
/* End XCBuildConfiguration section */

/* Begin XCConfigurationList section */
		72E72530215787A600DDEECF /* Build configuration list for PBXProject "AsyncApplicationKit" */ = {
			isa = XCConfigurationList;
			buildConfigurations = (
				72E72549215787A800DDEECF /* Debug */,
				72E7254A215787A800DDEECF /* Release */,
			);
			defaultConfigurationIsVisible = 0;
			defaultConfigurationName = Release;
		};
		72E7254B215787A800DDEECF /* Build configuration list for PBXNativeTarget "AsyncApplicationKit" */ = {
			isa = XCConfigurationList;
			buildConfigurations = (
				72E7254C215787A800DDEECF /* Debug */,
				72E7254D215787A800DDEECF /* Release */,
			);
			defaultConfigurationIsVisible = 0;
			defaultConfigurationName = Release;
		};
/* End XCConfigurationList section */
	};
	rootObject = 72E7252D215787A600DDEECF /* Project object */;
}
